NeoBundleLock GoldenView.Vim ac0ee3014caa36c52e8352d11c308b27a159113c
NeoBundleLock QFGrep a2cfae688ee0af859b7e888c80482361410d14ee
NeoBundleLock YouCompleteMe 39be8b1aad23779e12ebfcd4ab206469b4a75547
NeoBundleLock ack.vim eede0425f50d92be89ee8fb4560a5afb707c2a54
NeoBundleLock closetag.vim a52525b7220bb28309d1905108e9e8914fdb4112
NeoBundleLock ctrlp-git 8e9b77f12489e3410aa056979cd7951f41b76ca5
NeoBundleLock ctrlp-git-log fa8ee27b790d0bd5a4b8e30319b2dc04a6b310af
NeoBundleLock ctrlp-modified.vim 13c9be84fb780ea7dcca9d05c6d75db5fc78ca38
NeoBundleLock ctrlp.vim 564176f01d7f3f7f8ab452ff4e1f5314de7b0981
NeoBundleLock delimitmate b5719054beebe0135c94f4711a06dc7588041f09
NeoBundleLock editorconfig-vim a459b8cfef00100da40fd69c8ae92c4d1e63e1d2
NeoBundleLock gitv 16904714a3d883396bd95e4487c3b1000f7118d1
NeoBundleLock html5.vim f17d1859916872658855c3ba4f196ae2c24fd312
NeoBundleLock logstash.vim 6d96810e644b7fcb5c496ebafda7256662a5dab6
NeoBundleLock neobundle.vim 88951d60547595606ea0ca8f28f643d2506f2714
NeoBundleLock nerdcommenter 057f6150bdb11124bcb63e85f5445fae47f383c3
NeoBundleLock nerdtree eee431dbd44111c858c6d33ffd366cae1f17f8b3
NeoBundleLock quickfix-reflector.vim 8f2379082de788aef58be0ed1fdbf8f056d56437
NeoBundleLock supertab 66511772a430a5eaad7f7d03dbb02e8f33c4a641
NeoBundleLock syntastic dfb263775bbf1d43350591b84bc53c925dcb7430
NeoBundleLock tabular 00e1e7fcdbc6d753e0bc8043e0d2546fa81bf367
NeoBundleLock tlib_vim 8c74564396e368788a5cb901b0e8017a3166cee9
NeoBundleLock ultisnips 9a670c502b5a920a7155c2894a321beaf58b1c26
NeoBundleLock vim-airline ccdc3d6c605178d0b577e9e9f01c0add1f685e74
NeoBundleLock vim-airline-themes 5bfa07ae06cbf3e73a137c2953e9877167e5986b
NeoBundleLock vim-dispatch a54f2c5e18b8c2aad8c6f8ba474760e70fdaaca3
NeoBundleLock vim-endwise 0067ceda37725d01b7bd5bf249d63b1b5d4e2ab4
NeoBundleLock vim-fugitive b754bc2031f21a532c083dd0d072ba373bbe3a37
NeoBundleLock vim-git a08ca046128988beb3461d44de91524350be7678
NeoBundleLock vim-gitgutter 1742a8f568df549f4daeda90174b54d0c371501f
NeoBundleLock vim-instant-markdown 5f592bdb0288710205176f189c3203fd40a6ee2e
NeoBundleLock vim-json f5e3181d0b33a9c51377bb7ea8492feddca8b503
NeoBundleLock vim-markdown a3169545f330ec8080244c3ad755bb2211eca8a0
NeoBundleLock vim-multiple-cursors 51d0717f63cc231f11b4b63ee5b611f589dce1b3
NeoBundleLock vim-repeat 7a6675f092842c8f81e71d5345bd7cdbf3759415
NeoBundleLock vim-signature 7e13913188809c45e14988270213744d1c3bb485
NeoBundleLock vim-snippets f5ba6cddc8cb1e7d87363ff36ad3cefc9e573e01
NeoBundleLock vim-surround e49d6c2459e0f5569ff2d533b4df995dd7f98313
NeoBundleLock vim-tmux-navigator e79d4c0c24c43d3ada283b1f5a1b8fa6cf820a70
NeoBundleLock vim-unimpaired 11dc568dbfd7a56866a4354c737515769f08e9fe
NeoBundleLock vim-windowswap 08dc571ba63bdd841a4dbd4b73879820ca172f35
NeoBundleLock vimproc.vim 25cb83f24edec4aec1e9f1329302235e7a7a7fe0
NeoBundleLock wombat256.vim 8734ba45dcf5e38c4d2686b35c94f9fcb30427e2
